// !$*UTF8*$!
{
	archiveVersion = 1;
	classes = {
	};
	objectVersion = 48;
	objects = {

/* Begin PBXBuildFile section */
		B7AD1D771F87FC3E0059FE02 /* AppDelegate.swift in Sources */ = {isa = PBXBuildFile; fileRef = B7AD1D761F87FC3E0059FE02 /* AppDelegate.swift */; };
		B7AD1D791F87FC3E0059FE02 /* ViewController.swift in Sources */ = {isa = PBXBuildFile; fileRef = B7AD1D781F87FC3E0059FE02 /* ViewController.swift */; };
		B7AD1D7C1F87FC3E0059FE02 /* Main.storyboard in Resources */ = {isa = PBXBuildFile; fileRef = B7AD1D7A1F87FC3E0059FE02 /* Main.storyboard */; };
		B7AD1D7E1F87FC3E0059FE02 /* Assets.xcassets in Resources */ = {isa = PBXBuildFile; fileRef = B7AD1D7D1F87FC3E0059FE02 /* Assets.xcassets */; };
		B7AD1D811F87FC3E0059FE02 /* LaunchScreen.storyboard in Resources */ = {isa = PBXBuildFile; fileRef = B7AD1D7F1F87FC3E0059FE02 /* LaunchScreen.storyboard */; };
/* End PBXBuildFile section */

/* Begin PBXFileReference section */
		B7AD1D731F87FC3E0059FE02 /* ThrowAwayApp.app */ = {isa = PBXFileReference; explicitFileType = wrapper.application; includeInIndex = 0; path = ThrowAwayApp.app; sourceTree = BUILT_PRODUCTS_DIR; };
		B7AD1D761F87FC3E0059FE02 /* AppDelegate.swift */ = {isa = PBXFileReference; lastKnownFileType = sourcecode.swift; path = AppDelegate.swift; sourceTree = "<group>"; };
		B7AD1D781F87FC3E0059FE02 /* ViewController.swift */ = {isa = PBXFileReference; lastKnownFileType = sourcecode.swift; path = ViewController.swift; sourceTree = "<group>"; };
		B7AD1D7B1F87FC3E0059FE02 /* Base */ = {isa = PBXFileReference; lastKnownFileType = file.storyboard; name = Base; path = Base.lproj/Main.storyboard; sourceTree = "<group>"; };
		B7AD1D7D1F87FC3E0059FE02 /* Assets.xcassets */ = {isa = PBXFileReference; lastKnownFileType = folder.assetcatalog; path = Assets.xcassets; sourceTree = "<group>"; };
		B7AD1D801F87FC3E0059FE02 /* Base */ = {isa = PBXFileReference; lastKnownFileType = file.storyboard; name = Base; path = Base.lproj/LaunchScreen.storyboard; sourceTree = "<group>"; };
		B7AD1D821F87FC3E0059FE02 /* Info.plist */ = {isa = PBXFileReference; lastKnownFileType = text.plist.xml; path = Info.plist; sourceTree = "<group>"; };
/* End PBXFileReference section */

/* Begin PBXFrameworksBuildPhase section */
		B7AD1D701F87FC3E0059FE02 /* Frameworks */ = {
			isa = PBXFrameworksBuildPhase;
			buildActionMask = 2147483647;
			files = (
			);
			runOnlyForDeploymentPostprocessing = 0;
		};
/* End PBXFrameworksBuildPhase section */

/* Begin PBXGroup section */
		B7AD1D6A1F87FC3E0059FE02 = {
			isa = PBXGroup;
			children = (
				B7AD1D751F87FC3E0059FE02 /* ThrowAwayApp */,
				B7AD1D741F87FC3E0059FE02 /* Products */,
			);
			sourceTree = "<group>";
		};
		B7AD1D741F87FC3E0059FE02 /* Products */ = {
			isa = PBXGroup;
			children = (
				B7AD1D731F87FC3E0059FE02 /* ThrowAwayApp.app */,
			);
			name = Products;
			sourceTree = "<group>";
		};
		B7AD1D751F87FC3E0059FE02 /* ThrowAwayApp */ = {
			isa = PBXGroup;
			children = (
				B7AD1D8A1F8813B00059FE02 /* Controller */,
				B7AD1D7A1F87FC3E0059FE02 /* Main.storyboard */,
				B7AD1D7D1F87FC3E0059FE02 /* Assets.xcassets */,
				B7AD1D7F1F87FC3E0059FE02 /* LaunchScreen.storyboard */,
				B7AD1D891F8813970059FE02 /* Settings */,
			);
			path = ThrowAwayApp;
			sourceTree = "<group>";
		};
		B7AD1D891F8813970059FE02 /* Settings */ = {
			isa = PBXGroup;
			children = (
				B7AD1D821F87FC3E0059FE02 /* Info.plist */,
			);
			path = Settings;
			sourceTree = "<group>";
		};
		B7AD1D8A1F8813B00059FE02 /* Controller */ = {
			isa = PBXGroup;
			children = (
				B7AD1D781F87FC3E0059FE02 /* ViewController.swift */,
				B7AD1D761F87FC3E0059FE02 /* AppDelegate.swift */,
			);
			path = Controller;
			sourceTree = "<group>";
		};
/* End PBXGroup section */

/* Begin PBXNativeTarget section */
		B7AD1D721F87FC3E0059FE02 /* ThrowAwayApp */ = {
			isa = PBXNativeTarget;
			buildConfigurationList = B7AD1D851F87FC3E0059FE02 /* Build configuration list for PBXNativeTarget "ThrowAwayApp" */;
			buildPhases = (
				B7AD1D6F1F87FC3E0059FE02 /* Sources */,
				B7AD1D701F87FC3E0059FE02 /* Frameworks */,
				B7AD1D711F87FC3E0059FE02 /* Resources */,
			);
			buildRules = (
			);
			dependencies = (
			);
			name = ThrowAwayApp;
			productName = ThrowAwayApp;
			productReference = B7AD1D731F87FC3E0059FE02 /* ThrowAwayApp.app */;
			productType = "com.apple.product-type.application";
		};
/* End PBXNativeTarget section */

/* Begin PBXProject section */
		B7AD1D6B1F87FC3E0059FE02 /* Project object */ = {
			isa = PBXProject;
			attributes = {
				LastSwiftUpdateCheck = 0900;
				LastUpgradeCheck = 0900;
				ORGANIZATIONNAME = "Martinson, Branton";
				TargetAttributes = {
					B7AD1D721F87FC3E0059FE02 = {
						CreatedOnToolsVersion = 9.0;
						ProvisioningStyle = Automatic;
					};
				};
			};
			buildConfigurationList = B7AD1D6E1F87FC3E0059FE02 /* Build configuration list for PBXProject "ThrowAwayApp" */;
			compatibilityVersion = "Xcode 8.0";
			developmentRegion = en;
			hasScannedForEncodings = 0;
			knownRegions = (
				en,
				Base,
			);
			mainGroup = B7AD1D6A1F87FC3E0059FE02;
			productRefGroup = B7AD1D741F87FC3E0059FE02 /* Products */;
			projectDirPath = "";
			projectRoot = "";
			targets = (
				B7AD1D721F87FC3E0059FE02 /* ThrowAwayApp */,
			);
		};
/* End PBXProject section */

/* Begin PBXResourcesBuildPhase section */
		B7AD1D711F87FC3E0059FE02 /* Resources */ = {
			isa = PBXResourcesBuildPhase;
			buildActionMask = 2147483647;
			files = (
				B7AD1D811F87FC3E0059FE02 /* LaunchScreen.storyboard in Resources */,
				B7AD1D7E1F87FC3E0059FE02 /* Assets.xcassets in Resources */,
				B7AD1D7C1F87FC3E0059FE02 /* Main.storyboard in Resources */,
			);
			runOnlyForDeploymentPostprocessing = 0;
		};
/* End PBXResourcesBuildPhase section */

/* Begin PBXSourcesBuildPhase section */
		B7AD1D6F1F87FC3E0059FE02 /* Sources */ = {
			isa = PBXSourcesBuildPhase;
			buildActionMask = 2147483647;
			files = (
				B7AD1D791F87FC3E0059FE02 /* ViewController.swift in Sources */,
				B7AD1D771F87FC3E0059FE02 /* AppDelegate.swift in Sources */,
			);
			runOnlyForDeploymentPostprocessing = 0;
		};
/* End PBXSourcesBuildPhase section */

/* Begin PBXVariantGroup section */
		B7AD1D7A1F87FC3E0059FE02 /* Main.storyboard */ = {
			isa = PBXVariantGroup;
			children = (
				B7AD1D7B1F87FC3E0059FE02 /* Base */,
			);
			name = Main.storyboard;
			sourceTree = "<group>";
		};
		B7AD1D7F1F87FC3E0059FE02 /* LaunchScreen.storyboard */ = {
			isa = PBXVariantGroup;
			children = (
				B7AD1D801F87FC3E0059FE02 /* Base */,
			);
			name = LaunchScreen.storyboard;
			sourceTree = "<group>";
		};
/* End PBXVariantGroup section */

/* Begin XCBuildConfiguration section */
		B7AD1D831F87FC3E0059FE02 /* Debug */ = {
			isa = XCBuildConfiguration;
			buildSettings = {
				ALWAYS_SEARCH_USER_PATHS = NO;
				CLANG_ANALYZER_NONNULL = YES;
				CLANG_ANALYZER_NUMBER_OBJECT_CONVERSION = YES_AGGRESSIVE;
				CLANG_CXX_LANGUAGE_STANDARD = "gnu++14";
				CLANG_CXX_LIBRARY = "libc++";
				CLANG_ENABLE_MODULES = YES;
				CLANG_ENABLE_OBJC_ARC = YES;
				CLANG_WARN_BLOCK_CAPTURE_AUTORELEASING = YES;
				CLANG_WARN_BOOL_CONVERSION = YES;
				CLANG_WARN_COMMA = YES;
				CLANG_WARN_CONSTANT_CONVERSION = YES;
				CLANG_WARN_DIRECT_OBJC_ISA_USAGE = YES_ERROR;
				CLANG_WARN_DOCUMENTATION_COMMENTS = YES;
				CLANG_WARN_EMPTY_BODY = YES;
				CLANG_WARN_ENUM_CONVERSION = YES;
				CLANG_WARN_INFINITE_RECURSION = YES;
				CLANG_WARN_INT_CONVERSION = YES;
				CLANG_WARN_NON_LITERAL_NULL_CONVERSION = YES;
				CLANG_WARN_OBJC_LITERAL_CONVERSION = YES;
				CLANG_WARN_OBJC_ROOT_CLASS = YES_ERROR;
				CLANG_WARN_RANGE_LOOP_ANALYSIS = YES;
				CLANG_WARN_STRICT_PROTOTYPES = YES;
				CLANG_WARN_SUSPICIOUS_MOVE = YES;
				CLANG_WARN_UNGUARDED_AVAILABILITY = YES_AGGRESSIVE;
				CLANG_WARN_UNREACHABLE_CODE = YES;
				CLANG_WARN__DUPLICATE_METHOD_MATCH = YES;
				CODE_SIGN_IDENTITY = "iPhone Developer";
				COPY_PHASE_STRIP = NO;
				DEBUG_INFORMATION_FORMAT = dwarf;
				ENABLE_STRICT_OBJC_MSGSEND = YES;
				ENABLE_TESTABILITY = YES;
				GCC_C_LANGUAGE_STANDARD = gnu11;
				GCC_DYNAMIC_NO_PIC = NO;
				GCC_NO_COMMON_BLOCKS = YES;
				GCC_OPTIMIZATION_LEVEL = 0;
				GCC_PREPROCESSOR_DEFINITIONS = (
					"DEBUG=1",
					"$(inherited)",
				);
				GCC_WARN_64_TO_32_BIT_CONVERSION = YES;
				GCC_WARN_ABOUT_RETURN_TYPE = YES_ERROR;
				GCC_WARN_UNDECLARED_SELECTOR = YES;
				GCC_WARN_UNINITIALIZED_AUTOS = YES_AGGRESSIVE;
				GCC_WARN_UNUSED_FUNCTION = YES;
				GCC_WARN_UNUSED_VARIABLE = YES;
				IPHONEOS_DEPLOYMENT_TARGET = 11.0;
				MTL_ENABLE_DEBUG_INFO = YES;
				ONLY_ACTIVE_ARCH = YES;
				SDKROOT = iphoneos;
				SWIFT_ACTIVE_COMPILATION_CONDITIONS = DEBUG;
				SWIFT_OPTIMIZATION_LEVEL = "-Onone";
			};
			name = Debug;
		};
		B7AD1D841F87FC3E0059FE02 /* Release */ = {
			isa = XCBuildConfiguration;
			buildSettings = {
				ALWAYS_SEARCH_USER_PATHS = NO;
				CLANG_ANALYZER_NONNULL = YES;
				CLANG_ANALYZER_NUMBER_OBJECT_CONVERSION = YES_AGGRESSIVE;
				CLANG_CXX_LANGUAGE_STANDARD = "gnu++14";
				CLANG_CXX_LIBRARY = "libc++";
				CLANG_ENABLE_MODULES = YES;
				CLANG_ENABLE_OBJC_ARC = YES;
				CLANG_WARN_BLOCK_CAPTURE_AUTORELEASING = YES;
				CLANG_WARN_BOOL_CONVERSION = YES;
				CLANG_WARN_COMMA = YES;
				CLANG_WARN_CONSTANT_CONVERSION = YES;
				CLANG_WARN_DIRECT_OBJC_ISA_USAGE = YES_ERROR;
				CLANG_WARN_DOCUMENTATION_COMMENTS = YES;
				CLANG_WARN_EMPTY_BODY = YES;
				CLANG_WARN_ENUM_CONVERSION = YES;
				CLANG_WARN_INFINITE_RECURSION = YES;
				CLANG_WARN_INT_CONVERSION = YES;
				CLANG_WARN_NON_LITERAL_NULL_CONVERSION = YES;
				CLANG_WARN_OBJC_LITERAL_CONVERSION = YES;
				CLANG_WARN_OBJC_ROOT_CLASS = YES_ERROR;
				CLANG_WARN_RANGE_LOOP_ANALYSIS = YES;
				CLANG_WARN_STRICT_PROTOTYPES = YES;
				CLANG_WARN_SUSPICIOUS_MOVE = YES;
				CLANG_WARN_UNGUARDED_AVAILABILITY = YES_AGGRESSIVE;
				CLANG_WARN_UNREACHABLE_CODE = YES;
				CLANG_WARN__DUPLICATE_METHOD_MATCH = YES;
				CODE_SIGN_IDENTITY = "iPhone Developer";
				COPY_PHASE_STRIP = NO;
				DEBUG_INFORMATION_FORMAT = "dwarf-with-dsym";
				ENABLE_NS_ASSERTIONS = NO;
				ENABLE_STRICT_OBJC_MSGSEND = YES;
				GCC_C_LANGUAGE_STANDARD = gnu11;
				GCC_NO_COMMON_BLOCKS = YES;
				GCC_WARN_64_TO_32_BIT_CONVERSION = YES;
				GCC_WARN_ABOUT_RETURN_TYPE = YES_ERROR;
				GCC_WARN_UNDECLARED_SELECTOR = YES;
				GCC_WARN_UNINITIALIZED_AUTOS = YES_AGGRESSIVE;
				GCC_WARN_UNUSED_FUNCTION = YES;
				GCC_WARN_UNUSED_VARIABLE = YES;
				IPHONEOS_DEPLOYMENT_TARGET = 11.0;
				MTL_ENABLE_DEBUG_INFO = NO;
				SDKROOT = iphoneos;
				SWIFT_OPTIMIZATION_LEVEL = "-Owholemodule";
				VALIDATE_PRODUCT = YES;
			};
			name = Release;
		};
		B7AD1D861F87FC3E0059FE02 /* Debug */ = {
			isa = XCBuildConfiguration;
			buildSettings = {
				ASSETCATALOG_COMPILER_APPICON_NAME = AppIcon;
				"CODE_SIGN_IDENTITY[sdk=iphoneos*]" = "iPhone Developer";
				CODE_SIGN_STYLE = Automatic;
				DEVELOPMENT_TEAM = "";
				INFOPLIST_FILE = ThrowAwayApp/Info.plist;
				IPHONEOS_DEPLOYMENT_TARGET = 10.2;
				LD_RUNPATH_SEARCH_PATHS = "$(inherited) @executable_path/Frameworks";
				PRODUCT_BUNDLE_IDENTIFIER = CTEC.ThrowAwayApp;
				PRODUCT_NAME = "$(TARGET_NAME)";
				PROVISIONING_PROFILE_SPECIFIER = "";
				SWIFT_VERSION = 4.0;
				TARGETED_DEVICE_FAMILY = "1,2";
			};
			name = Debug;
		};
		B7AD1D871F87FC3E0059FE02 /* Release */ = {
			isa = XCBuildConfiguration;
			buildSettings = {
				ASSETCATALOG_COMPILER_APPICON_NAME = AppIcon;
				"CODE_SIGN_IDENTITY[sdk=iphoneos*]" = "iPhone Developer";
				CODE_SIGN_STYLE = Automatic;
				DEVELOPMENT_TEAM = "";
				INFOPLIST_FILE = ThrowAwayApp/Info.plist;
				IPHONEOS_DEPLOYMENT_TARGET = 10.2;
				LD_RUNPATH_SEARCH_PATHS = "$(inherited) @executable_path/Frameworks";
				PRODUCT_BUNDLE_IDENTIFIER = CTEC.ThrowAwayApp;
				PRODUCT_NAME = "$(TARGET_NAME)";
				PROVISIONING_PROFILE_SPECIFIER = "";
				SWIFT_VERSION = 4.0;
				TARGETED_DEVICE_FAMILY = "1,2";
			};
			name = Release;
		};
/* End XCBuildConfiguration section */

/* Begin XCConfigurationList section */
		B7AD1D6E1F87FC3E0059FE02 /* Build configuration list for PBXProject "ThrowAwayApp" */ = {
			isa = XCConfigurationList;
			buildConfigurations = (
				B7AD1D831F87FC3E0059FE02 /* Debug */,
				B7AD1D841F87FC3E0059FE02 /* Release */,
			);
			defaultConfigurationIsVisible = 0;
			defaultConfigurationName = Release;
		};
		B7AD1D851F87FC3E0059FE02 /* Build configuration list for PBXNativeTarget "ThrowAwayApp" */ = {
			isa = XCConfigurationList;
			buildConfigurations = (
				B7AD1D861F87FC3E0059FE02 /* Debug */,
				B7AD1D871F87FC3E0059FE02 /* Release */,
			);
			defaultConfigurationIsVisible = 0;
			defaultConfigurationName = Release;
		};
/* End XCConfigurationList section */
	};
	rootObject = B7AD1D6B1F87FC3E0059FE02 /* Project object */;
}
